// !$*UTF8*$!
{
	archiveVersion = 1;
	classes = {
	};
	objectVersion = 50;
	objects = {

/* Begin PBXBuildFile section */
		9C1D1BD526E2B6BF00E3F1A1 /* AppDelegate.swift in Sources */ = {isa = PBXBuildFile; fileRef = 9C1D1BD426E2B6BF00E3F1A1 /* AppDelegate.swift */; };
		9C1D1BD726E2B6BF00E3F1A1 /* SceneDelegate.swift in Sources */ = {isa = PBXBuildFile; fileRef = 9C1D1BD626E2B6BF00E3F1A1 /* SceneDelegate.swift */; };
		9C1D1BD926E2B6BF00E3F1A1 /* ViewController.swift in Sources */ = {isa = PBXBuildFile; fileRef = 9C1D1BD826E2B6BF00E3F1A1 /* ViewController.swift */; };
		9C1D1BDC26E2B6BF00E3F1A1 /* Main.storyboard in Resources */ = {isa = PBXBuildFile; fileRef = 9C1D1BDA26E2B6BF00E3F1A1 /* Main.storyboard */; };
		9C1D1BDE26E2B6C100E3F1A1 /* Assets.xcassets in Resources */ = {isa = PBXBuildFile; fileRef = 9C1D1BDD26E2B6C100E3F1A1 /* Assets.xcassets */; };
		9C1D1BE126E2B6C100E3F1A1 /* LaunchScreen.storyboard in Resources */ = {isa = PBXBuildFile; fileRef = 9C1D1BDF26E2B6C100E3F1A1 /* LaunchScreen.storyboard */; };
		9C1D1BEC26E2B6C100E3F1A1 /* BeachPointsTests.swift in Sources */ = {isa = PBXBuildFile; fileRef = 9C1D1BEB26E2B6C100E3F1A1 /* BeachPointsTests.swift */; };
		9C1D1BF726E2B6C100E3F1A1 /* BeachPointsUITests.swift in Sources */ = {isa = PBXBuildFile; fileRef = 9C1D1BF626E2B6C100E3F1A1 /* BeachPointsUITests.swift */; };
/* End PBXBuildFile section */

/* Begin PBXContainerItemProxy section */
		9C1D1BE826E2B6C100E3F1A1 /* PBXContainerItemProxy */ = {
			isa = PBXContainerItemProxy;
			containerPortal = 9C1D1BC926E2B6BF00E3F1A1 /* Project object */;
			proxyType = 1;
			remoteGlobalIDString = 9C1D1BD026E2B6BF00E3F1A1;
			remoteInfo = BeachPoints;
		};
		9C1D1BF326E2B6C100E3F1A1 /* PBXContainerItemProxy */ = {
			isa = PBXContainerItemProxy;
			containerPortal = 9C1D1BC926E2B6BF00E3F1A1 /* Project object */;
			proxyType = 1;
			remoteGlobalIDString = 9C1D1BD026E2B6BF00E3F1A1;
			remoteInfo = BeachPoints;
		};
/* End PBXContainerItemProxy section */

/* Begin PBXFileReference section */
		9C1D1BD126E2B6BF00E3F1A1 /* BeachPoints.app */ = {isa = PBXFileReference; explicitFileType = wrapper.application; includeInIndex = 0; path = BeachPoints.app; sourceTree = BUILT_PRODUCTS_DIR; };
		9C1D1BD426E2B6BF00E3F1A1 /* AppDelegate.swift */ = {isa = PBXFileReference; lastKnownFileType = sourcecode.swift; path = AppDelegate.swift; sourceTree = "<group>"; };
		9C1D1BD626E2B6BF00E3F1A1 /* SceneDelegate.swift */ = {isa = PBXFileReference; lastKnownFileType = sourcecode.swift; path = SceneDelegate.swift; sourceTree = "<group>"; };
		9C1D1BD826E2B6BF00E3F1A1 /* ViewController.swift */ = {isa = PBXFileReference; lastKnownFileType = sourcecode.swift; path = ViewController.swift; sourceTree = "<group>"; };
		9C1D1BDB26E2B6BF00E3F1A1 /* Base */ = {isa = PBXFileReference; lastKnownFileType = file.storyboard; name = Base; path = Base.lproj/Main.storyboard; sourceTree = "<group>"; };
		9C1D1BDD26E2B6C100E3F1A1 /* Assets.xcassets */ = {isa = PBXFileReference; lastKnownFileType = folder.assetcatalog; path = Assets.xcassets; sourceTree = "<group>"; };
		9C1D1BE026E2B6C100E3F1A1 /* Base */ = {isa = PBXFileReference; lastKnownFileType = file.storyboard; name = Base; path = Base.lproj/LaunchScreen.storyboard; sourceTree = "<group>"; };
		9C1D1BE226E2B6C100E3F1A1 /* Info.plist */ = {isa = PBXFileReference; lastKnownFileType = text.plist.xml; path = Info.plist; sourceTree = "<group>"; };
		9C1D1BE726E2B6C100E3F1A1 /* BeachPointsTests.xctest */ = {isa = PBXFileReference; explicitFileType = wrapper.cfbundle; includeInIndex = 0; path = BeachPointsTests.xctest; sourceTree = BUILT_PRODUCTS_DIR; };
		9C1D1BEB26E2B6C100E3F1A1 /* BeachPointsTests.swift */ = {isa = PBXFileReference; lastKnownFileType = sourcecode.swift; path = BeachPointsTests.swift; sourceTree = "<group>"; };
		9C1D1BED26E2B6C100E3F1A1 /* Info.plist */ = {isa = PBXFileReference; lastKnownFileType = text.plist.xml; path = Info.plist; sourceTree = "<group>"; };
		9C1D1BF226E2B6C100E3F1A1 /* BeachPointsUITests.xctest */ = {isa = PBXFileReference; explicitFileType = wrapper.cfbundle; includeInIndex = 0; path = BeachPointsUITests.xctest; sourceTree = BUILT_PRODUCTS_DIR; };
		9C1D1BF626E2B6C100E3F1A1 /* BeachPointsUITests.swift */ = {isa = PBXFileReference; lastKnownFileType = sourcecode.swift; path = BeachPointsUITests.swift; sourceTree = "<group>"; };
		9C1D1BF826E2B6C100E3F1A1 /* Info.plist */ = {isa = PBXFileReference; lastKnownFileType = text.plist.xml; path = Info.plist; sourceTree = "<group>"; };
/* End PBXFileReference section */

/* Begin PBXFrameworksBuildPhase section */
		9C1D1BCE26E2B6BF00E3F1A1 /* Frameworks */ = {
			isa = PBXFrameworksBuildPhase;
			buildActionMask = 2147483647;
			files = (
			);
			runOnlyForDeploymentPostprocessing = 0;
		};
		9C1D1BE426E2B6C100E3F1A1 /* Frameworks */ = {
			isa = PBXFrameworksBuildPhase;
			buildActionMask = 2147483647;
			files = (
			);
			runOnlyForDeploymentPostprocessing = 0;
		};
		9C1D1BEF26E2B6C100E3F1A1 /* Frameworks */ = {
			isa = PBXFrameworksBuildPhase;
			buildActionMask = 2147483647;
			files = (
			);
			runOnlyForDeploymentPostprocessing = 0;
		};
/* End PBXFrameworksBuildPhase section */

/* Begin PBXGroup section */
		9C1D1BC826E2B6BF00E3F1A1 = {
			isa = PBXGroup;
			children = (
				9C1D1BD326E2B6BF00E3F1A1 /* BeachPoints */,
				9C1D1BEA26E2B6C100E3F1A1 /* BeachPointsTests */,
				9C1D1BF526E2B6C100E3F1A1 /* BeachPointsUITests */,
				9C1D1BD226E2B6BF00E3F1A1 /* Products */,
			);
			sourceTree = "<group>";
		};
		9C1D1BD226E2B6BF00E3F1A1 /* Products */ = {
			isa = PBXGroup;
			children = (
				9C1D1BD126E2B6BF00E3F1A1 /* BeachPoints.app */,
				9C1D1BE726E2B6C100E3F1A1 /* BeachPointsTests.xctest */,
				9C1D1BF226E2B6C100E3F1A1 /* BeachPointsUITests.xctest */,
			);
			name = Products;
			sourceTree = "<group>";
		};
		9C1D1BD326E2B6BF00E3F1A1 /* BeachPoints */ = {
			isa = PBXGroup;
			children = (
				9C1D1BD426E2B6BF00E3F1A1 /* AppDelegate.swift */,
				9C1D1BD626E2B6BF00E3F1A1 /* SceneDelegate.swift */,
				9C1D1BD826E2B6BF00E3F1A1 /* ViewController.swift */,
				9C1D1BDA26E2B6BF00E3F1A1 /* Main.storyboard */,
				9C1D1BDD26E2B6C100E3F1A1 /* Assets.xcassets */,
				9C1D1BDF26E2B6C100E3F1A1 /* LaunchScreen.storyboard */,
				9C1D1BE226E2B6C100E3F1A1 /* Info.plist */,
			);
			path = BeachPoints;
			sourceTree = "<group>";
		};
		9C1D1BEA26E2B6C100E3F1A1 /* BeachPointsTests */ = {
			isa = PBXGroup;
			children = (
				9C1D1BEB26E2B6C100E3F1A1 /* BeachPointsTests.swift */,
				9C1D1BED26E2B6C100E3F1A1 /* Info.plist */,
			);
			path = BeachPointsTests;
			sourceTree = "<group>";
		};
		9C1D1BF526E2B6C100E3F1A1 /* BeachPointsUITests */ = {
			isa = PBXGroup;
			children = (
				9C1D1BF626E2B6C100E3F1A1 /* BeachPointsUITests.swift */,
				9C1D1BF826E2B6C100E3F1A1 /* Info.plist */,
			);
			path = BeachPointsUITests;
			sourceTree = "<group>";
		};
/* End PBXGroup section */

/* Begin PBXNativeTarget section */
		9C1D1BD026E2B6BF00E3F1A1 /* BeachPoints */ = {
			isa = PBXNativeTarget;
			buildConfigurationList = 9C1D1BFB26E2B6C100E3F1A1 /* Build configuration list for PBXNativeTarget "BeachPoints" */;
			buildPhases = (
				9C1D1BCD26E2B6BF00E3F1A1 /* Sources */,
				9C1D1BCE26E2B6BF00E3F1A1 /* Frameworks */,
				9C1D1BCF26E2B6BF00E3F1A1 /* Resources */,
			);
			buildRules = (
			);
			dependencies = (
			);
			name = BeachPoints;
			productName = BeachPoints;
			productReference = 9C1D1BD126E2B6BF00E3F1A1 /* BeachPoints.app */;
			productType = "com.apple.product-type.application";
		};
		9C1D1BE626E2B6C100E3F1A1 /* BeachPointsTests */ = {
			isa = PBXNativeTarget;
			buildConfigurationList = 9C1D1BFE26E2B6C100E3F1A1 /* Build configuration list for PBXNativeTarget "BeachPointsTests" */;
			buildPhases = (
				9C1D1BE326E2B6C100E3F1A1 /* Sources */,
				9C1D1BE426E2B6C100E3F1A1 /* Frameworks */,
				9C1D1BE526E2B6C100E3F1A1 /* Resources */,
			);
			buildRules = (
			);
			dependencies = (
				9C1D1BE926E2B6C100E3F1A1 /* PBXTargetDependency */,
			);
			name = BeachPointsTests;
			productName = BeachPointsTests;
			productReference = 9C1D1BE726E2B6C100E3F1A1 /* BeachPointsTests.xctest */;
			productType = "com.apple.product-type.bundle.unit-test";
		};
		9C1D1BF126E2B6C100E3F1A1 /* BeachPointsUITests */ = {
			isa = PBXNativeTarget;
			buildConfigurationList = 9C1D1C0126E2B6C100E3F1A1 /* Build configuration list for PBXNativeTarget "BeachPointsUITests" */;
			buildPhases = (
				9C1D1BEE26E2B6C100E3F1A1 /* Sources */,
				9C1D1BEF26E2B6C100E3F1A1 /* Frameworks */,
				9C1D1BF026E2B6C100E3F1A1 /* Resources */,
			);
			buildRules = (
			);
			dependencies = (
				9C1D1BF426E2B6C100E3F1A1 /* PBXTargetDependency */,
			);
			name = BeachPointsUITests;
			productName = BeachPointsUITests;
			productReference = 9C1D1BF226E2B6C100E3F1A1 /* BeachPointsUITests.xctest */;
			productType = "com.apple.product-type.bundle.ui-testing";
		};
/* End PBXNativeTarget section */

/* Begin PBXProject section */
		9C1D1BC926E2B6BF00E3F1A1 /* Project object */ = {
			isa = PBXProject;
			attributes = {
				LastSwiftUpdateCheck = 1250;
				LastUpgradeCheck = 1250;
				TargetAttributes = {
					9C1D1BD026E2B6BF00E3F1A1 = {
						CreatedOnToolsVersion = 12.5.1;
					};
					9C1D1BE626E2B6C100E3F1A1 = {
						CreatedOnToolsVersion = 12.5.1;
						TestTargetID = 9C1D1BD026E2B6BF00E3F1A1;
					};
					9C1D1BF126E2B6C100E3F1A1 = {
						CreatedOnToolsVersion = 12.5.1;
						TestTargetID = 9C1D1BD026E2B6BF00E3F1A1;
					};
				};
			};
			buildConfigurationList = 9C1D1BCC26E2B6BF00E3F1A1 /* Build configuration list for PBXProject "BeachPoints" */;
			compatibilityVersion = "Xcode 9.3";
			developmentRegion = en;
			hasScannedForEncodings = 0;
			knownRegions = (
				en,
				Base,
			);
			mainGroup = 9C1D1BC826E2B6BF00E3F1A1;
			productRefGroup = 9C1D1BD226E2B6BF00E3F1A1 /* Products */;
			projectDirPath = "";
			projectRoot = "";
			targets = (
				9C1D1BD026E2B6BF00E3F1A1 /* BeachPoints */,
				9C1D1BE626E2B6C100E3F1A1 /* BeachPointsTests */,
				9C1D1BF126E2B6C100E3F1A1 /* BeachPointsUITests */,
			);
		};
/* End PBXProject section */

/* Begin PBXResourcesBuildPhase section */
		9C1D1BCF26E2B6BF00E3F1A1 /* Resources */ = {
			isa = PBXResourcesBuildPhase;
			buildActionMask = 2147483647;
			files = (
				9C1D1BE126E2B6C100E3F1A1 /* LaunchScreen.storyboard in Resources */,
				9C1D1BDE26E2B6C100E3F1A1 /* Assets.xcassets in Resources */,
				9C1D1BDC26E2B6BF00E3F1A1 /* Main.storyboard in Resources */,
			);
			runOnlyForDeploymentPostprocessing = 0;
		};
		9C1D1BE526E2B6C100E3F1A1 /* Resources */ = {
			isa = PBXResourcesBuildPhase;
			buildActionMask = 2147483647;
			files = (
			);
			runOnlyForDeploymentPostprocessing = 0;
		};
		9C1D1BF026E2B6C100E3F1A1 /* Resources */ = {
			isa = PBXResourcesBuildPhase;
			buildActionMask = 2147483647;
			files = (
			);
			runOnlyForDeploymentPostprocessing = 0;
		};
/* End PBXResourcesBuildPhase section */

/* Begin PBXSourcesBuildPhase section */
		9C1D1BCD26E2B6BF00E3F1A1 /* Sources */ = {
			isa = PBXSourcesBuildPhase;
			buildActionMask = 2147483647;
			files = (
				9C1D1BD926E2B6BF00E3F1A1 /* ViewController.swift in Sources */,
				9C1D1BD526E2B6BF00E3F1A1 /* AppDelegate.swift in Sources */,
				9C1D1BD726E2B6BF00E3F1A1 /* SceneDelegate.swift in Sources */,
			);
			runOnlyForDeploymentPostprocessing = 0;
		};
		9C1D1BE326E2B6C100E3F1A1 /* Sources */ = {
			isa = PBXSourcesBuildPhase;
			buildActionMask = 2147483647;
			files = (
				9C1D1BEC26E2B6C100E3F1A1 /* BeachPointsTests.swift in Sources */,
			);
			runOnlyForDeploymentPostprocessing = 0;
		};
		9C1D1BEE26E2B6C100E3F1A1 /* Sources */ = {
			isa = PBXSourcesBuildPhase;
			buildActionMask = 2147483647;
			files = (
				9C1D1BF726E2B6C100E3F1A1 /* BeachPointsUITests.swift in Sources */,
			);
			runOnlyForDeploymentPostprocessing = 0;
		};
/* End PBXSourcesBuildPhase section */

/* Begin PBXTargetDependency section */
		9C1D1BE926E2B6C100E3F1A1 /* PBXTargetDependency */ = {
			isa = PBXTargetDependency;
			target = 9C1D1BD026E2B6BF00E3F1A1 /* BeachPoints */;
			targetProxy = 9C1D1BE826E2B6C100E3F1A1 /* PBXContainerItemProxy */;
		};
		9C1D1BF426E2B6C100E3F1A1 /* PBXTargetDependency */ = {
			isa = PBXTargetDependency;
			target = 9C1D1BD026E2B6BF00E3F1A1 /* BeachPoints */;
			targetProxy = 9C1D1BF326E2B6C100E3F1A1 /* PBXContainerItemProxy */;
		};
/* End PBXTargetDependency section */

/* Begin PBXVariantGroup section */
		9C1D1BDA26E2B6BF00E3F1A1 /* Main.storyboard */ = {
			isa = PBXVariantGroup;
			children = (
				9C1D1BDB26E2B6BF00E3F1A1 /* Base */,
			);
			name = Main.storyboard;
			sourceTree = "<group>";
		};
		9C1D1BDF26E2B6C100E3F1A1 /* LaunchScreen.storyboard */ = {
			isa = PBXVariantGroup;
			children = (
				9C1D1BE026E2B6C100E3F1A1 /* Base */,
			);
			name = LaunchScreen.storyboard;
			sourceTree = "<group>";
		};
/* End PBXVariantGroup section */

/* Begin XCBuildConfiguration section */
		9C1D1BF926E2B6C100E3F1A1 /* Debug */ = {
			isa = XCBuildConfiguration;
			buildSettings = {
				ALWAYS_SEARCH_USER_PATHS = NO;
				CLANG_ANALYZER_NONNULL = YES;
				CLANG_ANALYZER_NUMBER_OBJECT_CONVERSION = YES_AGGRESSIVE;
				CLANG_CXX_LANGUAGE_STANDARD = "gnu++14";
				CLANG_CXX_LIBRARY = "libc++";
				CLANG_ENABLE_MODULES = YES;
				CLANG_ENABLE_OBJC_ARC = YES;
				CLANG_ENABLE_OBJC_WEAK = YES;
				CLANG_WARN_BLOCK_CAPTURE_AUTORELEASING = YES;
				CLANG_WARN_BOOL_CONVERSION = YES;
				CLANG_WARN_COMMA = YES;
				CLANG_WARN_CONSTANT_CONVERSION = YES;
				CLANG_WARN_DEPRECATED_OBJC_IMPLEMENTATIONS = YES;
				CLANG_WARN_DIRECT_OBJC_ISA_USAGE = YES_ERROR;
				CLANG_WARN_DOCUMENTATION_COMMENTS = YES;
				CLANG_WARN_EMPTY_BODY = YES;
				CLANG_WARN_ENUM_CONVERSION = YES;
				CLANG_WARN_INFINITE_RECURSION = YES;
				CLANG_WARN_INT_CONVERSION = YES;
				CLANG_WARN_NON_LITERAL_NULL_CONVERSION = YES;
				CLANG_WARN_OBJC_IMPLICIT_RETAIN_SELF = YES;
				CLANG_WARN_OBJC_LITERAL_CONVERSION = YES;
				CLANG_WARN_OBJC_ROOT_CLASS = YES_ERROR;
				CLANG_WARN_QUOTED_INCLUDE_IN_FRAMEWORK_HEADER = YES;
				CLANG_WARN_RANGE_LOOP_ANALYSIS = YES;
				CLANG_WARN_STRICT_PROTOTYPES = YES;
				CLANG_WARN_SUSPICIOUS_MOVE = YES;
				CLANG_WARN_UNGUARDED_AVAILABILITY = YES_AGGRESSIVE;
				CLANG_WARN_UNREACHABLE_CODE = YES;
				CLANG_WARN__DUPLICATE_METHOD_MATCH = YES;
				COPY_PHASE_STRIP = NO;
				DEBUG_INFORMATION_FORMAT = dwarf;
				ENABLE_STRICT_OBJC_MSGSEND = YES;
				ENABLE_TESTABILITY = YES;
				GCC_C_LANGUAGE_STANDARD = gnu11;
				GCC_DYNAMIC_NO_PIC = NO;
				GCC_NO_COMMON_BLOCKS = YES;
				GCC_OPTIMIZATION_LEVEL = 0;
				GCC_PREPROCESSOR_DEFINITIONS = (
					"DEBUG=1",
					"$(inherited)",
				);
				GCC_WARN_64_TO_32_BIT_CONVERSION = YES;
				GCC_WARN_ABOUT_RETURN_TYPE = YES_ERROR;
				GCC_WARN_UNDECLARED_SELECTOR = YES;
				GCC_WARN_UNINITIALIZED_AUTOS = YES_AGGRESSIVE;
				GCC_WARN_UNUSED_FUNCTION = YES;
				GCC_WARN_UNUSED_VARIABLE = YES;
				IPHONEOS_DEPLOYMENT_TARGET = 14.5;
				MTL_ENABLE_DEBUG_INFO = INCLUDE_SOURCE;
				MTL_FAST_MATH = YES;
				ONLY_ACTIVE_ARCH = YES;
				SDKROOT = iphoneos;
				SWIFT_ACTIVE_COMPILATION_CONDITIONS = DEBUG;
				SWIFT_OPTIMIZATION_LEVEL = "-Onone";
			};
			name = Debug;
		};
		9C1D1BFA26E2B6C100E3F1A1 /* Release */ = {
			isa = XCBuildConfiguration;
			buildSettings = {
				ALWAYS_SEARCH_USER_PATHS = NO;
				CLANG_ANALYZER_NONNULL = YES;
				CLANG_ANALYZER_NUMBER_OBJECT_CONVERSION = YES_AGGRESSIVE;
				CLANG_CXX_LANGUAGE_STANDARD = "gnu++14";
				CLANG_CXX_LIBRARY = "libc++";
				CLANG_ENABLE_MODULES = YES;
				CLANG_ENABLE_OBJC_ARC = YES;
				CLANG_ENABLE_OBJC_WEAK = YES;
				CLANG_WARN_BLOCK_CAPTURE_AUTORELEASING = YES;
				CLANG_WARN_BOOL_CONVERSION = YES;
				CLANG_WARN_COMMA = YES;
				CLANG_WARN_CONSTANT_CONVERSION = YES;
				CLANG_WARN_DEPRECATED_OBJC_IMPLEMENTATIONS = YES;
				CLANG_WARN_DIRECT_OBJC_ISA_USAGE = YES_ERROR;
				CLANG_WARN_DOCUMENTATION_COMMENTS = YES;
				CLANG_WARN_EMPTY_BODY = YES;
				CLANG_WARN_ENUM_CONVERSION = YES;
				CLANG_WARN_INFINITE_RECURSION = YES;
				CLANG_WARN_INT_CONVERSION = YES;
				CLANG_WARN_NON_LITERAL_NULL_CONVERSION = YES;
				CLANG_WARN_OBJC_IMPLICIT_RETAIN_SELF = YES;
				CLANG_WARN_OBJC_LITERAL_CONVERSION = YES;
				CLANG_WARN_OBJC_ROOT_CLASS = YES_ERROR;
				CLANG_WARN_QUOTED_INCLUDE_IN_FRAMEWORK_HEADER = YES;
				CLANG_WARN_RANGE_LOOP_ANALYSIS = YES;
				CLANG_WARN_STRICT_PROTOTYPES = YES;
				CLANG_WARN_SUSPICIOUS_MOVE = YES;
				CLANG_WARN_UNGUARDED_AVAILABILITY = YES_AGGRESSIVE;
				CLANG_WARN_UNREACHABLE_CODE = YES;
				CLANG_WARN__DUPLICATE_METHOD_MATCH = YES;
				COPY_PHASE_STRIP = NO;
				DEBUG_INFORMATION_FORMAT = "dwarf-with-dsym";
				ENABLE_NS_ASSERTIONS = NO;
				ENABLE_STRICT_OBJC_MSGSEND = YES;
				GCC_C_LANGUAGE_STANDARD = gnu11;
				GCC_NO_COMMON_BLOCKS = YES;
				GCC_WARN_64_TO_32_BIT_CONVERSION = YES;
				GCC_WARN_ABOUT_RETURN_TYPE = YES_ERROR;
				GCC_WARN_UNDECLARED_SELECTOR = YES;
				GCC_WARN_UNINITIALIZED_AUTOS = YES_AGGRESSIVE;
				GCC_WARN_UNUSED_FUNCTION = YES;
				GCC_WARN_UNUSED_VARIABLE = YES;
				IPHONEOS_DEPLOYMENT_TARGET = 14.5;
				MTL_ENABLE_DEBUG_INFO = NO;
				MTL_FAST_MATH = YES;
				SDKROOT = iphoneos;
				SWIFT_COMPILATION_MODE = wholemodule;
				SWIFT_OPTIMIZATION_LEVEL = "-O";
				VALIDATE_PRODUCT = YES;
			};
			name = Release;
		};
		9C1D1BFC26E2B6C100E3F1A1 /* Debug */ = {
			isa = XCBuildConfiguration;
			buildSettings = {
				ASSETCATALOG_COMPILER_APPICON_NAME = AppIcon;
				ASSETCATALOG_COMPILER_GLOBAL_ACCENT_COLOR_NAME = AccentColor;
				CODE_SIGN_STYLE = Automatic;
				DEVELOPMENT_TEAM = S2NLC87TPJ;
				INFOPLIST_FILE = BeachPoints/Info.plist;
				LD_RUNPATH_SEARCH_PATHS = (
					"$(inherited)",
					"@executable_path/Frameworks",
				);
				PRODUCT_BUNDLE_IDENTIFIER = com.giovannarodrigues.BeachPoints;
				PRODUCT_NAME = "$(TARGET_NAME)";
				SWIFT_VERSION = 5.0;
				TARGETED_DEVICE_FAMILY = "1,2";
			};
			name = Debug;
		};
		9C1D1BFD26E2B6C100E3F1A1 /* Release */ = {
			isa = XCBuildConfiguration;
			buildSettings = {
				ASSETCATALOG_COMPILER_APPICON_NAME = AppIcon;
				ASSETCATALOG_COMPILER_GLOBAL_ACCENT_COLOR_NAME = AccentColor;
				CODE_SIGN_STYLE = Automatic;
				DEVELOPMENT_TEAM = S2NLC87TPJ;
				INFOPLIST_FILE = BeachPoints/Info.plist;
				LD_RUNPATH_SEARCH_PATHS = (
					"$(inherited)",
					"@executable_path/Frameworks",
				);
				PRODUCT_BUNDLE_IDENTIFIER = com.giovannarodrigues.BeachPoints;
				PRODUCT_NAME = "$(TARGET_NAME)";
				SWIFT_VERSION = 5.0;
				TARGETED_DEVICE_FAMILY = "1,2";
			};
			name = Release;
		};
		9C1D1BFF26E2B6C100E3F1A1 /* Debug */ = {
			isa = XCBuildConfiguration;
			buildSettings = {
				ALWAYS_EMBED_SWIFT_STANDARD_LIBRARIES = YES;
				BUNDLE_LOADER = "$(TEST_HOST)";
				CODE_SIGN_STYLE = Automatic;
				DEVELOPMENT_TEAM = S2NLC87TPJ;
				INFOPLIST_FILE = BeachPointsTests/Info.plist;
				IPHONEOS_DEPLOYMENT_TARGET = 14.5;
				LD_RUNPATH_SEARCH_PATHS = (
					"$(inherited)",
					"@executable_path/Frameworks",
					"@loader_path/Frameworks",
				);
				PRODUCT_BUNDLE_IDENTIFIER = com.giovannarodrigues.BeachPointsTests;
				PRODUCT_NAME = "$(TARGET_NAME)";
				SWIFT_VERSION = 5.0;
				TARGETED_DEVICE_FAMILY = "1,2";
				TEST_HOST = "$(BUILT_PRODUCTS_DIR)/BeachPoints.app/BeachPoints";
			};
			name = Debug;
		};
		9C1D1C0026E2B6C100E3F1A1 /* Release */ = {
			isa = XCBuildConfiguration;
			buildSettings = {
				ALWAYS_EMBED_SWIFT_STANDARD_LIBRARIES = YES;
				BUNDLE_LOADER = "$(TEST_HOST)";
				CODE_SIGN_STYLE = Automatic;
				DEVELOPMENT_TEAM = S2NLC87TPJ;
				INFOPLIST_FILE = BeachPointsTests/Info.plist;
				IPHONEOS_DEPLOYMENT_TARGET = 14.5;
				LD_RUNPATH_SEARCH_PATHS = (
					"$(inherited)",
					"@executable_path/Frameworks",
					"@loader_path/Frameworks",
				);
				PRODUCT_BUNDLE_IDENTIFIER = com.giovannarodrigues.BeachPointsTests;
				PRODUCT_NAME = "$(TARGET_NAME)";
				SWIFT_VERSION = 5.0;
				TARGETED_DEVICE_FAMILY = "1,2";
				TEST_HOST = "$(BUILT_PRODUCTS_DIR)/BeachPoints.app/BeachPoints";
			};
			name = Release;
		};
		9C1D1C0226E2B6C100E3F1A1 /* Debug */ = {
			isa = XCBuildConfiguration;
			buildSettings = {
				ALWAYS_EMBED_SWIFT_STANDARD_LIBRARIES = YES;
				CODE_SIGN_STYLE = Automatic;
				DEVELOPMENT_TEAM = S2NLC87TPJ;
				INFOPLIST_FILE = BeachPointsUITests/Info.plist;
				LD_RUNPATH_SEARCH_PATHS = (
					"$(inherited)",
					"@executable_path/Frameworks",
					"@loader_path/Frameworks",
				);
				PRODUCT_BUNDLE_IDENTIFIER = com.giovannarodrigues.BeachPointsUITests;
				PRODUCT_NAME = "$(TARGET_NAME)";
				SWIFT_VERSION = 5.0;
				TARGETED_DEVICE_FAMILY = "1,2";
				TEST_TARGET_NAME = BeachPoints;
			};
			name = Debug;
		};
		9C1D1C0326E2B6C100E3F1A1 /* Release */ = {
			isa = XCBuildConfiguration;
			buildSettings = {
				ALWAYS_EMBED_SWIFT_STANDARD_LIBRARIES = YES;
				CODE_SIGN_STYLE = Automatic;
				DEVELOPMENT_TEAM = S2NLC87TPJ;
				INFOPLIST_FILE = BeachPointsUITests/Info.plist;
				LD_RUNPATH_SEARCH_PATHS = (
					"$(inherited)",
					"@executable_path/Frameworks",
					"@loader_path/Frameworks",
				);
				PRODUCT_BUNDLE_IDENTIFIER = com.giovannarodrigues.BeachPointsUITests;
				PRODUCT_NAME = "$(TARGET_NAME)";
				SWIFT_VERSION = 5.0;
				TARGETED_DEVICE_FAMILY = "1,2";
				TEST_TARGET_NAME = BeachPoints;
			};
			name = Release;
		};
/* End XCBuildConfiguration section */

/* Begin XCConfigurationList section */
		9C1D1BCC26E2B6BF00E3F1A1 /* Build configuration list for PBXProject "BeachPoints" */ = {
			isa = XCConfigurationList;
			buildConfigurations = (
				9C1D1BF926E2B6C100E3F1A1 /* Debug */,
				9C1D1BFA26E2B6C100E3F1A1 /* Release */,
			);
			defaultConfigurationIsVisible = 0;
			defaultConfigurationName = Release;
		};
		9C1D1BFB26E2B6C100E3F1A1 /* Build configuration list for PBXNativeTarget "BeachPoints" */ = {
			isa = XCConfigurationList;
			buildConfigurations = (
				9C1D1BFC26E2B6C100E3F1A1 /* Debug */,
				9C1D1BFD26E2B6C100E3F1A1 /* Release */,
			);
			defaultConfigurationIsVisible = 0;
			defaultConfigurationName = Release;
		};
		9C1D1BFE26E2B6C100E3F1A1 /* Build configuration list for PBXNativeTarget "BeachPointsTests" */ = {
			isa = XCConfigurationList;
			buildConfigurations = (
				9C1D1BFF26E2B6C100E3F1A1 /* Debug */,
				9C1D1C0026E2B6C100E3F1A1 /* Release */,
			);
			defaultConfigurationIsVisible = 0;
			defaultConfigurationName = Release;
		};
		9C1D1C0126E2B6C100E3F1A1 /* Build configuration list for PBXNativeTarget "BeachPointsUITests" */ = {
			isa = XCConfigurationList;
			buildConfigurations = (
				9C1D1C0226E2B6C100E3F1A1 /* Debug */,
				9C1D1C0326E2B6C100E3F1A1 /* Release */,
			);
			defaultConfigurationIsVisible = 0;
			defaultConfigurationName = Release;
		};
/* End XCConfigurationList section */
	};
	rootObject = 9C1D1BC926E2B6BF00E3F1A1 /* Project object */;
}
